
Microsoft Visual Studio Solution File, Format Version 12.00
# Visual Studio Version 16
VisualStudioVersion = 25.0.1706.9
MinimumVisualStudioVersion = 10.0.40219.1
Project("{FAE04EC0-301F-11D3-BF4B-00C04F79EFBC}") = "algorithmEfficiency", "algorithmEfficiency\algorithmEfficiency.csproj", "{48CE7DC7-24B0-4D71-8572-50FC51F5E31B}"
EndProject
Global
	GlobalSection(SolutionConfigurationPlatforms) = preSolution
		Debug|Any CPU = Debug|Any CPU
		Release|Any CPU = Release|Any CPU
	EndGlobalSection
	GlobalSection(ProjectConfigurationPlatforms) = postSolution
		{48CE7DC7-24B0-4D71-8572-50FC51F5E31B}.Debug|Any CPU.ActiveCfg = Debug|Any CPU
		{48CE7DC7-24B0-4D71-8572-50FC51F5E31B}.Debug|Any CPU.Build.0 = Debug|Any CPU
		{48CE7DC7-24B0-4D71-8572-50FC51F5E31B}.Release|Any CPU.ActiveCfg = Release|Any CPU
		{48CE7DC7-24B0-4D71-8572-50FC51F5E31B}.Release|Any CPU.Build.0 = Release|Any CPU
	EndGlobalSection
	GlobalSection(SolutionProperties) = preSolution
		HideSolutionNode = FALSE
	EndGlobalSection
	GlobalSection(ExtensibilityGlobals) = postSolution
		SolutionGuid = {30A2EAF6-56D1-4030-87B6-9C3ECCE489E4}
	EndGlobalSection
EndGlobal
